
Microsoft Visual Studio Solution File, Format Version 12.00
# Visual Studio Version 17
VisualStudioVersion = 17.0.31903.59
MinimumVisualStudioVersion = 10.0.40219.1
Project("{2150E333-8FDC-42A3-9474-1A3956D46DE8}") = "src", "src", "{6F342A2E-FA11-458A-8493-6F4B5F7075DA}"
EndProject
Project("{2150E333-8FDC-42A3-9474-1A3956D46DE8}") = "API", "API", "{A3B97523-855E-414C-8507-86853D047B6C}"
EndProject
Project("{9A19103F-16F7-4668-BE54-9A1E7A4F7556}") = "I3Lab.API", "src\API\I3Lab.API\I3Lab.API.csproj", "{C32CF74C-E6D6-45AB-AFAC-27D92BCB2462}"
EndProject
Project("{2150E333-8FDC-42A3-9474-1A3956D46DE8}") = "Modules", "Modules", "{FF068670-C5A7-41B5-BD4C-FFDC9A8C1FF9}"
EndProject
Project("{2150E333-8FDC-42A3-9474-1A3956D46DE8}") = "Work", "Work", "{0C0A4377-DB8C-458C-932F-171B01FAA904}"
EndProject
Project("{9A19103F-16F7-4668-BE54-9A1E7A4F7556}") = "I3Lab.Work.Application", "src\Modules\Work\I3Lab.Work.Application\I3Lab.Work.Application.csproj", "{90909718-3854-4591-8BC0-D676B5C148D3}"
EndProject
Project("{9A19103F-16F7-4668-BE54-9A1E7A4F7556}") = "I3Lab.Work.Domain", "src\Modules\Work\I3Lab.Work.Domain\I3Lab.Work.Domain.csproj", "{A26BB184-5F06-40D3-908E-FDB8F501D420}"
EndProject
Project("{9A19103F-16F7-4668-BE54-9A1E7A4F7556}") = "I3Lab.Work.Infrastructure", "src\Modules\Work\I3Lab.Work.Infrastructure\I3Lab.Work.Infrastructure.csproj", "{83E9475B-C79B-49DE-A3D6-CD51FB333F38}"
EndProject
Project("{9A19103F-16F7-4668-BE54-9A1E7A4F7556}") = "I3Lab.Work.IntegrationEvents", "src\Modules\Work\I3Lab.Work.IntegrationEvents\I3Lab.Work.IntegrationEvents.csproj", "{1E8185E6-CD85-4850-A25A-94238456BE69}"
EndProject
Project("{9A19103F-16F7-4668-BE54-9A1E7A4F7556}") = "I3Lab.Work.Api", "src\Modules\Work\I3Lab.Work.Api\I3Lab.Work.Api.csproj", "{A2D08E4C-9DD8-4EA3-94CC-B91F94F8EECA}"
EndProject
Project("{2150E333-8FDC-42A3-9474-1A3956D46DE8}") = "Patient", "Patient", "{591BC963-3557-452B-BD4D-4600BFE2849A}"
EndProject
Project("{9A19103F-16F7-4668-BE54-9A1E7A4F7556}") = "I3Lab.Patient.Application", "src\Modules\Patient\I3Lab.Patient.Application\I3Lab.Patient.Application.csproj", "{30851777-6896-4D8C-9D97-BA5FAD08F869}"
EndProject
Project("{9A19103F-16F7-4668-BE54-9A1E7A4F7556}") = "I3Lab.Patient.Domain", "src\Modules\Patient\I3Lab.Patient.Domain\I3Lab.Patient.Domain.csproj", "{2780753A-D24D-46B2-BDA7-EEA422855455}"
EndProject
Project("{9A19103F-16F7-4668-BE54-9A1E7A4F7556}") = "I3Lab.Patient.Infrastructure", "src\Modules\Patient\I3Lab.Patient.Infrastructure\I3Lab.Patient.Infrastructure.csproj", "{B6093584-A20A-4738-A888-A7C274D78B55}"
EndProject
Project("{9A19103F-16F7-4668-BE54-9A1E7A4F7556}") = "I3Lab.Patient.IntegrationEvents", "src\Modules\Patient\I3Lab.Patient.IntegrationEvents\I3Lab.Patient.IntegrationEvents.csproj", "{B9FB31D0-2EB4-4E4C-B9B8-DFF38837FC02}"
EndProject
Project("{2150E333-8FDC-42A3-9474-1A3956D46DE8}") = "Doctor", "Doctor", "{8A72FED2-4D91-49AF-812D-281D60D9C360}"
EndProject
Project("{9A19103F-16F7-4668-BE54-9A1E7A4F7556}") = "I3Lab.Doctor.Application", "src\Modules\Doctor\I3Lab.Doctor.Application\I3Lab.Doctor.Application.csproj", "{9F792FE3-84B2-415A-9778-AF9D3C0CD2E5}"
EndProject
Project("{9A19103F-16F7-4668-BE54-9A1E7A4F7556}") = "I3Lab.Doctor.Domain", "src\Modules\Doctor\I3Lab.Doctor.Domain\I3Lab.Doctor.Domain.csproj", "{B347D98B-2526-4D1B-A7E3-62E316F12FE3}"
EndProject
Project("{9A19103F-16F7-4668-BE54-9A1E7A4F7556}") = "I3Lab.Doctor.Infrastructure", "src\Modules\Doctor\I3Lab.Doctor.Infrastructure\I3Lab.Doctor.Infrastructure.csproj", "{1785C62B-1A5F-42EB-8C33-4DECD65ED917}"
EndProject
Project("{9A19103F-16F7-4668-BE54-9A1E7A4F7556}") = "I3Lab.Doctor.IntegrationEvents", "src\Modules\Doctor\I3Lab.Doctor.IntegrationEvents\I3Lab.Doctor.IntegrationEvents.csproj", "{1642357A-11E9-4CB7-9882-A38D27A42F82}"
EndProject
Project("{2150E333-8FDC-42A3-9474-1A3956D46DE8}") = "Artisan", "Artisan", "{D808CB4A-678A-4A1E-B718-B61608F3EF7C}"
EndProject
Project("{9A19103F-16F7-4668-BE54-9A1E7A4F7556}") = "I3Lab.Artisan.Application", "src\Modules\Artisan\I3Lab.Artisan.Application\I3Lab.Artisan.Application.csproj", "{F6F9F06B-5014-4A53-AD5A-EC4F83AD1455}"
EndProject
Project("{9A19103F-16F7-4668-BE54-9A1E7A4F7556}") = "I3Lab.Artisan.Domain", "src\Modules\Artisan\I3Lab.Artisan.Domain\I3Lab.Artisan.Domain.csproj", "{C0BBFBE6-90F5-4805-B617-3C6CE1194868}"
EndProject
Project("{9A19103F-16F7-4668-BE54-9A1E7A4F7556}") = "I3Lab.Artisan.Infrastructure", "src\Modules\Artisan\I3Lab.Artisan.Infrastructure\I3Lab.Artisan.Infrastructure.csproj", "{F10F4048-D56A-472F-97C5-0E9463B3F8F2}"
EndProject
Project("{9A19103F-16F7-4668-BE54-9A1E7A4F7556}") = "I3Lab.Artisan.IntegrationEvents", "src\Modules\Artisan\I3Lab.Artisan.IntegrationEvents\I3Lab.Artisan.IntegrationEvents.csproj", "{AA663B8C-FCF5-4D0C-B887-244C5BA78D7B}"
EndProject
Project("{2150E333-8FDC-42A3-9474-1A3956D46DE8}") = "BuildingBlocks", "BuildingBlocks", "{7434BD59-E912-456A-84DD-9BAD00C04676}"
EndProject
Project("{FAE04EC0-301F-11D3-BF4B-00C04F79EFBC}") = "I3Lab.BuildingBlocks.Domain", "src\BuildingBlocks\I3Lab.BuildingBlocks.Domain\I3Lab.BuildingBlocks.Domain.csproj", "{443A03BD-477D-423E-9EE3-70E4FF4D2E82}"
EndProject
Project("{FAE04EC0-301F-11D3-BF4B-00C04F79EFBC}") = "I3Lab.BuildingBlocks.Infrastructure", "src\BuildingBlocks\I3Lab.BuildingBlocks.Infrastructure\I3Lab.BuildingBlocks.Infrastructure.csproj", "{900D7307-1E8D-489D-BC9F-F4E0A1129FCF}"
EndProject
Project("{FAE04EC0-301F-11D3-BF4B-00C04F79EFBC}") = "I3Lab.BuildingBlocks.Application", "src\BuildingBlocks\I3Lab.BuildingBlocks.Application\I3Lab.BuildingBlocks.Application.csproj", "{F05B973D-E7F8-4442-8420-9D3CDFAEA54B}"
EndProject
Global
	GlobalSection(SolutionConfigurationPlatforms) = preSolution
		Debug|Any CPU = Debug|Any CPU
		Release|Any CPU = Release|Any CPU
	EndGlobalSection
	GlobalSection(ProjectConfigurationPlatforms) = postSolution
		{C32CF74C-E6D6-45AB-AFAC-27D92BCB2462}.Debug|Any CPU.ActiveCfg = Debug|Any CPU
		{C32CF74C-E6D6-45AB-AFAC-27D92BCB2462}.Debug|Any CPU.Build.0 = Debug|Any CPU
		{C32CF74C-E6D6-45AB-AFAC-27D92BCB2462}.Release|Any CPU.ActiveCfg = Release|Any CPU
		{C32CF74C-E6D6-45AB-AFAC-27D92BCB2462}.Release|Any CPU.Build.0 = Release|Any CPU
		{90909718-3854-4591-8BC0-D676B5C148D3}.Debug|Any CPU.ActiveCfg = Debug|Any CPU
		{90909718-3854-4591-8BC0-D676B5C148D3}.Debug|Any CPU.Build.0 = Debug|Any CPU
		{90909718-3854-4591-8BC0-D676B5C148D3}.Release|Any CPU.ActiveCfg = Release|Any CPU
		{90909718-3854-4591-8BC0-D676B5C148D3}.Release|Any CPU.Build.0 = Release|Any CPU
		{A26BB184-5F06-40D3-908E-FDB8F501D420}.Debug|Any CPU.ActiveCfg = Debug|Any CPU
		{A26BB184-5F06-40D3-908E-FDB8F501D420}.Debug|Any CPU.Build.0 = Debug|Any CPU
		{A26BB184-5F06-40D3-908E-FDB8F501D420}.Release|Any CPU.ActiveCfg = Release|Any CPU
		{A26BB184-5F06-40D3-908E-FDB8F501D420}.Release|Any CPU.Build.0 = Release|Any CPU
		{83E9475B-C79B-49DE-A3D6-CD51FB333F38}.Debug|Any CPU.ActiveCfg = Debug|Any CPU
		{83E9475B-C79B-49DE-A3D6-CD51FB333F38}.Debug|Any CPU.Build.0 = Debug|Any CPU
		{83E9475B-C79B-49DE-A3D6-CD51FB333F38}.Release|Any CPU.ActiveCfg = Release|Any CPU
		{83E9475B-C79B-49DE-A3D6-CD51FB333F38}.Release|Any CPU.Build.0 = Release|Any CPU
		{1E8185E6-CD85-4850-A25A-94238456BE69}.Debug|Any CPU.ActiveCfg = Debug|Any CPU
		{1E8185E6-CD85-4850-A25A-94238456BE69}.Debug|Any CPU.Build.0 = Debug|Any CPU
		{1E8185E6-CD85-4850-A25A-94238456BE69}.Release|Any CPU.ActiveCfg = Release|Any CPU
		{1E8185E6-CD85-4850-A25A-94238456BE69}.Release|Any CPU.Build.0 = Release|Any CPU
		{A2D08E4C-9DD8-4EA3-94CC-B91F94F8EECA}.Debug|Any CPU.ActiveCfg = Debug|Any CPU
		{A2D08E4C-9DD8-4EA3-94CC-B91F94F8EECA}.Debug|Any CPU.Build.0 = Debug|Any CPU
		{A2D08E4C-9DD8-4EA3-94CC-B91F94F8EECA}.Release|Any CPU.ActiveCfg = Release|Any CPU
		{A2D08E4C-9DD8-4EA3-94CC-B91F94F8EECA}.Release|Any CPU.Build.0 = Release|Any CPU
		{30851777-6896-4D8C-9D97-BA5FAD08F869}.Debug|Any CPU.ActiveCfg = Debug|Any CPU
		{30851777-6896-4D8C-9D97-BA5FAD08F869}.Debug|Any CPU.Build.0 = Debug|Any CPU
		{30851777-6896-4D8C-9D97-BA5FAD08F869}.Release|Any CPU.ActiveCfg = Release|Any CPU
		{30851777-6896-4D8C-9D97-BA5FAD08F869}.Release|Any CPU.Build.0 = Release|Any CPU
		{2780753A-D24D-46B2-BDA7-EEA422855455}.Debug|Any CPU.ActiveCfg = Debug|Any CPU
		{2780753A-D24D-46B2-BDA7-EEA422855455}.Debug|Any CPU.Build.0 = Debug|Any CPU
		{2780753A-D24D-46B2-BDA7-EEA422855455}.Release|Any CPU.ActiveCfg = Release|Any CPU
		{2780753A-D24D-46B2-BDA7-EEA422855455}.Release|Any CPU.Build.0 = Release|Any CPU
		{B6093584-A20A-4738-A888-A7C274D78B55}.Debug|Any CPU.ActiveCfg = Debug|Any CPU
		{B6093584-A20A-4738-A888-A7C274D78B55}.Debug|Any CPU.Build.0 = Debug|Any CPU
		{B6093584-A20A-4738-A888-A7C274D78B55}.Release|Any CPU.ActiveCfg = Release|Any CPU
		{B6093584-A20A-4738-A888-A7C274D78B55}.Release|Any CPU.Build.0 = Release|Any CPU
		{B9FB31D0-2EB4-4E4C-B9B8-DFF38837FC02}.Debug|Any CPU.ActiveCfg = Debug|Any CPU
		{B9FB31D0-2EB4-4E4C-B9B8-DFF38837FC02}.Debug|Any CPU.Build.0 = Debug|Any CPU
		{B9FB31D0-2EB4-4E4C-B9B8-DFF38837FC02}.Release|Any CPU.ActiveCfg = Release|Any CPU
		{B9FB31D0-2EB4-4E4C-B9B8-DFF38837FC02}.Release|Any CPU.Build.0 = Release|Any CPU
		{9F792FE3-84B2-415A-9778-AF9D3C0CD2E5}.Debug|Any CPU.ActiveCfg = Debug|Any CPU
		{9F792FE3-84B2-415A-9778-AF9D3C0CD2E5}.Debug|Any CPU.Build.0 = Debug|Any CPU
		{9F792FE3-84B2-415A-9778-AF9D3C0CD2E5}.Release|Any CPU.ActiveCfg = Release|Any CPU
		{9F792FE3-84B2-415A-9778-AF9D3C0CD2E5}.Release|Any CPU.Build.0 = Release|Any CPU
		{B347D98B-2526-4D1B-A7E3-62E316F12FE3}.Debug|Any CPU.ActiveCfg = Debug|Any CPU
		{B347D98B-2526-4D1B-A7E3-62E316F12FE3}.Debug|Any CPU.Build.0 = Debug|Any CPU
		{B347D98B-2526-4D1B-A7E3-62E316F12FE3}.Release|Any CPU.ActiveCfg = Release|Any CPU
		{B347D98B-2526-4D1B-A7E3-62E316F12FE3}.Release|Any CPU.Build.0 = Release|Any CPU
		{1785C62B-1A5F-42EB-8C33-4DECD65ED917}.Debug|Any CPU.ActiveCfg = Debug|Any CPU
		{1785C62B-1A5F-42EB-8C33-4DECD65ED917}.Debug|Any CPU.Build.0 = Debug|Any CPU
		{1785C62B-1A5F-42EB-8C33-4DECD65ED917}.Release|Any CPU.ActiveCfg = Release|Any CPU
		{1785C62B-1A5F-42EB-8C33-4DECD65ED917}.Release|Any CPU.Build.0 = Release|Any CPU
		{1642357A-11E9-4CB7-9882-A38D27A42F82}.Debug|Any CPU.ActiveCfg = Debug|Any CPU
		{1642357A-11E9-4CB7-9882-A38D27A42F82}.Debug|Any CPU.Build.0 = Debug|Any CPU
		{1642357A-11E9-4CB7-9882-A38D27A42F82}.Release|Any CPU.ActiveCfg = Release|Any CPU
		{1642357A-11E9-4CB7-9882-A38D27A42F82}.Release|Any CPU.Build.0 = Release|Any CPU
		{F6F9F06B-5014-4A53-AD5A-EC4F83AD1455}.Debug|Any CPU.ActiveCfg = Debug|Any CPU
		{F6F9F06B-5014-4A53-AD5A-EC4F83AD1455}.Debug|Any CPU.Build.0 = Debug|Any CPU
		{F6F9F06B-5014-4A53-AD5A-EC4F83AD1455}.Release|Any CPU.ActiveCfg = Release|Any CPU
		{F6F9F06B-5014-4A53-AD5A-EC4F83AD1455}.Release|Any CPU.Build.0 = Release|Any CPU
		{C0BBFBE6-90F5-4805-B617-3C6CE1194868}.Debug|Any CPU.ActiveCfg = Debug|Any CPU
		{C0BBFBE6-90F5-4805-B617-3C6CE1194868}.Debug|Any CPU.Build.0 = Debug|Any CPU
		{C0BBFBE6-90F5-4805-B617-3C6CE1194868}.Release|Any CPU.ActiveCfg = Release|Any CPU
		{C0BBFBE6-90F5-4805-B617-3C6CE1194868}.Release|Any CPU.Build.0 = Release|Any CPU
		{F10F4048-D56A-472F-97C5-0E9463B3F8F2}.Debug|Any CPU.ActiveCfg = Debug|Any CPU
		{F10F4048-D56A-472F-97C5-0E9463B3F8F2}.Debug|Any CPU.Build.0 = Debug|Any CPU
		{F10F4048-D56A-472F-97C5-0E9463B3F8F2}.Release|Any CPU.ActiveCfg = Release|Any CPU
		{F10F4048-D56A-472F-97C5-0E9463B3F8F2}.Release|Any CPU.Build.0 = Release|Any CPU
		{AA663B8C-FCF5-4D0C-B887-244C5BA78D7B}.Debug|Any CPU.ActiveCfg = Debug|Any CPU
		{AA663B8C-FCF5-4D0C-B887-244C5BA78D7B}.Debug|Any CPU.Build.0 = Debug|Any CPU
		{AA663B8C-FCF5-4D0C-B887-244C5BA78D7B}.Release|Any CPU.ActiveCfg = Release|Any CPU
		{AA663B8C-FCF5-4D0C-B887-244C5BA78D7B}.Release|Any CPU.Build.0 = Release|Any CPU
		{443A03BD-477D-423E-9EE3-70E4FF4D2E82}.Debug|Any CPU.ActiveCfg = Debug|Any CPU
		{443A03BD-477D-423E-9EE3-70E4FF4D2E82}.Debug|Any CPU.Build.0 = Debug|Any CPU
		{443A03BD-477D-423E-9EE3-70E4FF4D2E82}.Release|Any CPU.ActiveCfg = Release|Any CPU
		{443A03BD-477D-423E-9EE3-70E4FF4D2E82}.Release|Any CPU.Build.0 = Release|Any CPU
		{900D7307-1E8D-489D-BC9F-F4E0A1129FCF}.Debug|Any CPU.ActiveCfg = Debug|Any CPU
		{900D7307-1E8D-489D-BC9F-F4E0A1129FCF}.Debug|Any CPU.Build.0 = Debug|Any CPU
		{900D7307-1E8D-489D-BC9F-F4E0A1129FCF}.Release|Any CPU.ActiveCfg = Release|Any CPU
		{900D7307-1E8D-489D-BC9F-F4E0A1129FCF}.Release|Any CPU.Build.0 = Release|Any CPU
		{F05B973D-E7F8-4442-8420-9D3CDFAEA54B}.Debug|Any CPU.ActiveCfg = Debug|Any CPU
		{F05B973D-E7F8-4442-8420-9D3CDFAEA54B}.Debug|Any CPU.Build.0 = Debug|Any CPU
		{F05B973D-E7F8-4442-8420-9D3CDFAEA54B}.Release|Any CPU.ActiveCfg = Release|Any CPU
		{F05B973D-E7F8-4442-8420-9D3CDFAEA54B}.Release|Any CPU.Build.0 = Release|Any CPU
	EndGlobalSection
	GlobalSection(SolutionProperties) = preSolution
		HideSolutionNode = FALSE
	EndGlobalSection
	GlobalSection(NestedProjects) = preSolution
		{A3B97523-855E-414C-8507-86853D047B6C} = {6F342A2E-FA11-458A-8493-6F4B5F7075DA}
		{C32CF74C-E6D6-45AB-AFAC-27D92BCB2462} = {A3B97523-855E-414C-8507-86853D047B6C}
		{FF068670-C5A7-41B5-BD4C-FFDC9A8C1FF9} = {6F342A2E-FA11-458A-8493-6F4B5F7075DA}
		{0C0A4377-DB8C-458C-932F-171B01FAA904} = {FF068670-C5A7-41B5-BD4C-FFDC9A8C1FF9}
		{90909718-3854-4591-8BC0-D676B5C148D3} = {0C0A4377-DB8C-458C-932F-171B01FAA904}
		{A26BB184-5F06-40D3-908E-FDB8F501D420} = {0C0A4377-DB8C-458C-932F-171B01FAA904}
		{83E9475B-C79B-49DE-A3D6-CD51FB333F38} = {0C0A4377-DB8C-458C-932F-171B01FAA904}
		{1E8185E6-CD85-4850-A25A-94238456BE69} = {0C0A4377-DB8C-458C-932F-171B01FAA904}
		{A2D08E4C-9DD8-4EA3-94CC-B91F94F8EECA} = {0C0A4377-DB8C-458C-932F-171B01FAA904}
		{591BC963-3557-452B-BD4D-4600BFE2849A} = {FF068670-C5A7-41B5-BD4C-FFDC9A8C1FF9}
		{30851777-6896-4D8C-9D97-BA5FAD08F869} = {591BC963-3557-452B-BD4D-4600BFE2849A}
		{2780753A-D24D-46B2-BDA7-EEA422855455} = {591BC963-3557-452B-BD4D-4600BFE2849A}
		{B6093584-A20A-4738-A888-A7C274D78B55} = {591BC963-3557-452B-BD4D-4600BFE2849A}
		{B9FB31D0-2EB4-4E4C-B9B8-DFF38837FC02} = {591BC963-3557-452B-BD4D-4600BFE2849A}
		{8A72FED2-4D91-49AF-812D-281D60D9C360} = {FF068670-C5A7-41B5-BD4C-FFDC9A8C1FF9}
		{9F792FE3-84B2-415A-9778-AF9D3C0CD2E5} = {8A72FED2-4D91-49AF-812D-281D60D9C360}
		{B347D98B-2526-4D1B-A7E3-62E316F12FE3} = {8A72FED2-4D91-49AF-812D-281D60D9C360}
		{1785C62B-1A5F-42EB-8C33-4DECD65ED917} = {8A72FED2-4D91-49AF-812D-281D60D9C360}
		{1642357A-11E9-4CB7-9882-A38D27A42F82} = {8A72FED2-4D91-49AF-812D-281D60D9C360}
		{D808CB4A-678A-4A1E-B718-B61608F3EF7C} = {FF068670-C5A7-41B5-BD4C-FFDC9A8C1FF9}
		{F6F9F06B-5014-4A53-AD5A-EC4F83AD1455} = {D808CB4A-678A-4A1E-B718-B61608F3EF7C}
		{C0BBFBE6-90F5-4805-B617-3C6CE1194868} = {D808CB4A-678A-4A1E-B718-B61608F3EF7C}
		{F10F4048-D56A-472F-97C5-0E9463B3F8F2} = {D808CB4A-678A-4A1E-B718-B61608F3EF7C}
		{AA663B8C-FCF5-4D0C-B887-244C5BA78D7B} = {D808CB4A-678A-4A1E-B718-B61608F3EF7C}
		{7434BD59-E912-456A-84DD-9BAD00C04676} = {6F342A2E-FA11-458A-8493-6F4B5F7075DA}
		{443A03BD-477D-423E-9EE3-70E4FF4D2E82} = {7434BD59-E912-456A-84DD-9BAD00C04676}
		{900D7307-1E8D-489D-BC9F-F4E0A1129FCF} = {7434BD59-E912-456A-84DD-9BAD00C04676}
		{F05B973D-E7F8-4442-8420-9D3CDFAEA54B} = {7434BD59-E912-456A-84DD-9BAD00C04676}
	EndGlobalSection
EndGlobal
