
Microsoft Visual Studio Solution File, Format Version 12.00
# Visual Studio Version 17
VisualStudioVersion = 17.0.31903.59
MinimumVisualStudioVersion = 10.0.40219.1
Project("{2150E333-8FDC-42A3-9474-1A3956D46DE8}") = "src", "src", "{6F342A2E-FA11-458A-8493-6F4B5F7075DA}"
EndProject
Project("{2150E333-8FDC-42A3-9474-1A3956D46DE8}") = "API", "API", "{A3B97523-855E-414C-8507-86853D047B6C}"
EndProject
Project("{9A19103F-16F7-4668-BE54-9A1E7A4F7556}") = "I3Lab.API", "src\API\I3Lab.API\I3Lab.API.csproj", "{C32CF74C-E6D6-45AB-AFAC-27D92BCB2462}"
EndProject
Project("{2150E333-8FDC-42A3-9474-1A3956D46DE8}") = "Modules", "Modules", "{FF068670-C5A7-41B5-BD4C-FFDC9A8C1FF9}"
EndProject
Project("{2150E333-8FDC-42A3-9474-1A3956D46DE8}") = "Treatments", "Treatments", "{0C0A4377-DB8C-458C-932F-171B01FAA904}"
EndProject
Project("{9A19103F-16F7-4668-BE54-9A1E7A4F7556}") = "I3Lab.Treatments.Application", "src\Modules\Work\I3Lab.Work.Application\I3Lab.Treatments.Application.csproj", "{90909718-3854-4591-8BC0-D676B5C148D3}"
EndProject
Project("{9A19103F-16F7-4668-BE54-9A1E7A4F7556}") = "I3Lab.Treatments.Domain", "src\Modules\Work\I3Lab.Work.Domain\I3Lab.Treatments.Domain.csproj", "{A26BB184-5F06-40D3-908E-FDB8F501D420}"
EndProject
Project("{9A19103F-16F7-4668-BE54-9A1E7A4F7556}") = "I3Lab.Treatments.Infrastructure", "src\Modules\Work\I3Lab.Work.Infrastructure\I3Lab.Treatments.Infrastructure.csproj", "{83E9475B-C79B-49DE-A3D6-CD51FB333F38}"
EndProject
Project("{9A19103F-16F7-4668-BE54-9A1E7A4F7556}") = "I3Lab.Treatments.IntegrationEvents", "src\Modules\Work\I3Lab.Work.IntegrationEvents\I3Lab.Treatments.IntegrationEvents.csproj", "{1E8185E6-CD85-4850-A25A-94238456BE69}"
EndProject
Project("{9A19103F-16F7-4668-BE54-9A1E7A4F7556}") = "I3Lab.Treatments.Api", "src\Modules\Work\I3Lab.Work.Api\I3Lab.Treatments.Api.csproj", "{A2D08E4C-9DD8-4EA3-94CC-B91F94F8EECA}"
EndProject
Project("{2150E333-8FDC-42A3-9474-1A3956D46DE8}") = "Doctors", "Doctors", "{8A72FED2-4D91-49AF-812D-281D60D9C360}"
EndProject
Project("{9A19103F-16F7-4668-BE54-9A1E7A4F7556}") = "I3Lab.Doctors.Application", "src\Modules\Doctor\I3Lab.Doctor.Application\I3Lab.Doctors.Application.csproj", "{9F792FE3-84B2-415A-9778-AF9D3C0CD2E5}"
EndProject
Project("{9A19103F-16F7-4668-BE54-9A1E7A4F7556}") = "I3Lab.Doctors.Domain", "src\Modules\Doctor\I3Lab.Doctor.Domain\I3Lab.Doctors.Domain.csproj", "{B347D98B-2526-4D1B-A7E3-62E316F12FE3}"
EndProject
Project("{9A19103F-16F7-4668-BE54-9A1E7A4F7556}") = "I3Lab.Doctors.Infrastructure", "src\Modules\Doctor\I3Lab.Doctor.Infrastructure\I3Lab.Doctors.Infrastructure.csproj", "{1785C62B-1A5F-42EB-8C33-4DECD65ED917}"
EndProject
Project("{9A19103F-16F7-4668-BE54-9A1E7A4F7556}") = "I3Lab.Doctors.IntegrationEvents", "src\Modules\Doctor\I3Lab.Doctor.IntegrationEvents\I3Lab.Doctors.IntegrationEvents.csproj", "{1642357A-11E9-4CB7-9882-A38D27A42F82}"
EndProject
Project("{2150E333-8FDC-42A3-9474-1A3956D46DE8}") = "Artisan", "Artisan", "{D808CB4A-678A-4A1E-B718-B61608F3EF7C}"
EndProject
Project("{9A19103F-16F7-4668-BE54-9A1E7A4F7556}") = "I3Lab.Artisan.Application", "src\Modules\Artisan\I3Lab.Artisan.Application\I3Lab.Artisan.Application.csproj", "{F6F9F06B-5014-4A53-AD5A-EC4F83AD1455}"
EndProject
Project("{9A19103F-16F7-4668-BE54-9A1E7A4F7556}") = "I3Lab.Artisan.Domain", "src\Modules\Artisan\I3Lab.Artisan.Domain\I3Lab.Artisan.Domain.csproj", "{C0BBFBE6-90F5-4805-B617-3C6CE1194868}"
EndProject
Project("{9A19103F-16F7-4668-BE54-9A1E7A4F7556}") = "I3Lab.Artisan.Infrastructure", "src\Modules\Artisan\I3Lab.Artisan.Infrastructure\I3Lab.Artisan.Infrastructure.csproj", "{F10F4048-D56A-472F-97C5-0E9463B3F8F2}"
EndProject
Project("{9A19103F-16F7-4668-BE54-9A1E7A4F7556}") = "I3Lab.Artisan.IntegrationEvents", "src\Modules\Artisan\I3Lab.Artisan.IntegrationEvents\I3Lab.Artisan.IntegrationEvents.csproj", "{AA663B8C-FCF5-4D0C-B887-244C5BA78D7B}"
EndProject
Project("{2150E333-8FDC-42A3-9474-1A3956D46DE8}") = "BuildingBlocks", "BuildingBlocks", "{7434BD59-E912-456A-84DD-9BAD00C04676}"
EndProject
Project("{9A19103F-16F7-4668-BE54-9A1E7A4F7556}") = "I3Lab.BuildingBlocks.Domain", "src\BuildingBlocks\I3Lab.BuildingBlocks.Domain\I3Lab.BuildingBlocks.Domain.csproj", "{443A03BD-477D-423E-9EE3-70E4FF4D2E82}"
EndProject
Project("{9A19103F-16F7-4668-BE54-9A1E7A4F7556}") = "I3Lab.BuildingBlocks.Infrastructure", "src\BuildingBlocks\I3Lab.BuildingBlocks.Infrastructure\I3Lab.BuildingBlocks.Infrastructure.csproj", "{900D7307-1E8D-489D-BC9F-F4E0A1129FCF}"
EndProject
Project("{9A19103F-16F7-4668-BE54-9A1E7A4F7556}") = "I3Lab.BuildingBlocks.Application", "src\BuildingBlocks\I3Lab.BuildingBlocks.Application\I3Lab.BuildingBlocks.Application.csproj", "{F05B973D-E7F8-4442-8420-9D3CDFAEA54B}"
EndProject
Project("{2150E333-8FDC-42A3-9474-1A3956D46DE8}") = "Notifications", "Notifications", "{66E2C9DE-1BBD-4D0B-B180-617D1BF11FAE}"
EndProject
Project("{9A19103F-16F7-4668-BE54-9A1E7A4F7556}") = "I3Lab.Notifications.Application", "src\Modules\Notifications\I3Lab.Notifications.Application\I3Lab.Notifications.Application.csproj", "{F48459BC-CEB7-430B-83EF-EDEDAB842BB5}"
EndProject
Project("{9A19103F-16F7-4668-BE54-9A1E7A4F7556}") = "I3Lab.Notifications.Domain", "src\Modules\Notifications\I3Lab.Notifications.Domain\I3Lab.Notifications.Domain.csproj", "{0F8ECF27-1D96-4CF1-8998-79A1565B9102}"
EndProject
Project("{9A19103F-16F7-4668-BE54-9A1E7A4F7556}") = "I3Lab.Notifications.Infrastructure", "src\Modules\Notifications\I3Lab.Notifications.Infrastructure\I3Lab.Notifications.Infrastructure.csproj", "{A6AEA7E7-84CF-4948-B317-BC3422E43807}"
EndProject
Project("{9A19103F-16F7-4668-BE54-9A1E7A4F7556}") = "I3Lab.Notifications.IntegrationEvents", "src\Modules\Notifications\I3Lab.Notifications.IntegrationEvents\I3Lab.Notifications.IntegrationEvents.csproj", "{F167969F-914A-4002-88F6-24A3D8EADF38}"
EndProject
Project("{9A19103F-16F7-4668-BE54-9A1E7A4F7556}") = "I3Lab.Notifications.Api", "src\Modules\Notifications\I3Lab.Notifications.Api\I3Lab.Notifications.Api.csproj", "{EFDE9CEC-A80E-4D67-8F16-D89B234F9EF2}"
EndProject
Project("{2150E333-8FDC-42A3-9474-1A3956D46DE8}") = "Tests", "Tests", "{E8FC785A-135F-42E9-BE7B-9E2AFD27CB54}"
EndProject
Project("{2150E333-8FDC-42A3-9474-1A3956D46DE8}") = "Tests", "Tests", "{44927C74-7D56-47D8-ACB7-46C89A012CE6}"
EndProject
Project("{2150E333-8FDC-42A3-9474-1A3956D46DE8}") = "Tests", "Tests", "{ED2E86B1-BB79-4ACA-846A-6D9AA734ADD7}"
EndProject
Project("{2150E333-8FDC-42A3-9474-1A3956D46DE8}") = "Tests", "Tests", "{CD76A713-83ED-46FB-8E3C-5720C1185163}"
EndProject
Project("{2150E333-8FDC-42A3-9474-1A3956D46DE8}") = "Administration", "Administration", "{325393D9-C800-47CD-B9D0-1393231A7753}"
EndProject
Project("{9A19103F-16F7-4668-BE54-9A1E7A4F7556}") = "I3Lab.Administration.Application", "src\Modules\Administration\I3Lab.Administration.Application\I3Lab.Administration.Application.csproj", "{FDA840C1-35BC-4550-8E44-37B1E4D3006E}"
EndProject
Project("{9A19103F-16F7-4668-BE54-9A1E7A4F7556}") = "I3Lab.Administration.Domain", "src\Modules\Administration\I3Lab.Administration.Domain\I3Lab.Administration.Domain.csproj", "{3504DB94-30FE-4B0A-8BC4-F5CC92FC6815}"
EndProject
Project("{9A19103F-16F7-4668-BE54-9A1E7A4F7556}") = "I3Lab.Administration.Infrastructure", "src\Modules\Administration\I3Lab.Administration.Infrastructure\I3Lab.Administration.Infrastructure.csproj", "{B0B9B46E-5A9C-4B5D-8A7D-E6864E080A72}"
EndProject
Project("{9A19103F-16F7-4668-BE54-9A1E7A4F7556}") = "I3Lab.Administration.IntegrationEvents", "src\Modules\Administration\I3Lab.Administration.IntegrationEvents\I3Lab.Administration.IntegrationEvents.csproj", "{CC2A7A69-AD56-447C-BDDB-497BA2F4ED55}"
EndProject
Project("{9A19103F-16F7-4668-BE54-9A1E7A4F7556}") = "I3Lab.Administration.Api", "src\Modules\Administration\I3Lab.Administration.Api\I3Lab.Administration.Api.csproj", "{C6C5552C-B4B6-46A0-B2A5-C5EB538FB283}"
EndProject
Project("{2150E333-8FDC-42A3-9474-1A3956D46DE8}") = "Clinics", "Clinics", "{05045CD9-2EBF-45B3-83CA-10AA99C87794}"
EndProject
Project("{9A19103F-16F7-4668-BE54-9A1E7A4F7556}") = "I3Lab.Clinics.Application", "src\Modules\Clinic\I3Lab.Clinic.Application\I3Lab.Clinics.Application.csproj", "{DEC111C8-9A0B-4DC7-8B53-722225CF972F}"
EndProject
Project("{9A19103F-16F7-4668-BE54-9A1E7A4F7556}") = "I3Lab.Clinics.Domain", "src\Modules\Clinic\I3Lab.Clinic.Domain\I3Lab.Clinics.Domain.csproj", "{0C6F7D83-35D4-423A-A5B0-24959D791875}"
EndProject
Project("{9A19103F-16F7-4668-BE54-9A1E7A4F7556}") = "I3Lab.Clinics.Infrastructure", "src\Modules\Clinic\I3Lab.Clinic.Infrastructure\I3Lab.Clinics.Infrastructure.csproj", "{454B78DC-90A6-4622-B2ED-0BE6CE980B5F}"
EndProject
Project("{9A19103F-16F7-4668-BE54-9A1E7A4F7556}") = "I3Lab.Clinics.IntegrationEvents", "src\Modules\Clinic\I3Lab.Clinic.IntegrationEvents\I3Lab.Clinics.IntegrationEvents.csproj", "{494EFA6D-BE04-4919-85D7-E77B33D7983C}"
EndProject
Project("{2150E333-8FDC-42A3-9474-1A3956D46DE8}") = "Users", "Users", "{196C3A2E-F181-4D5E-AA24-F1393384DB91}"
EndProject
Project("{9A19103F-16F7-4668-BE54-9A1E7A4F7556}") = "I3Lab.Users.Application", "src\User\I3Lab.User.Application\I3Lab.Users.Application.csproj", "{ADD3D287-F6E0-4816-B1D7-8D1C3AF9665E}"
EndProject
Project("{9A19103F-16F7-4668-BE54-9A1E7A4F7556}") = "I3Lab.Users.Domain", "src\User\I3Lab.User.Domain\I3Lab.Users.Domain.csproj", "{65E2B62A-FCE6-41DD-A566-627B78601635}"
EndProject
Project("{9A19103F-16F7-4668-BE54-9A1E7A4F7556}") = "I3Lab.Users.Infrastructure", "src\User\I3Lab.User.Infrastructure\I3Lab.Users.Infrastructure.csproj", "{8415E655-D224-4BC1-A6F5-6D0004F4CAAD}"
EndProject
Project("{9A19103F-16F7-4668-BE54-9A1E7A4F7556}") = "I3Lab.Users.IntegrationEvents", "src\User\I3Lab.User.IntegrationEvents\I3Lab.Users.IntegrationEvents.csproj", "{F02EDEAA-03D9-41D0-B160-56119AB49FC5}"
EndProject
Project("{E53339B2-1760-4266-BCC7-CA923CBCF16C}") = "docker-compose", "docker-compose.dcproj", "{425D4D5B-5549-40FE-8F4A-C0D831E93052}"
EndProject
Project("{9A19103F-16F7-4668-BE54-9A1E7A4F7556}") = "I3Lab.Treatments.UnitTests", "src\Modules\Work\Tests\I3Lab.Works.UnitTests\I3Lab.Treatments.UnitTests.csproj", "{09B314E4-FC11-477C-88B8-D2B0DAEE6F09}"
EndProject
Project("{2150E333-8FDC-42A3-9474-1A3956D46DE8}") = "Tests", "Tests", "{7B2B1804-2B82-4889-9754-F7BBFA59290C}"
EndProject
Project("{9A19103F-16F7-4668-BE54-9A1E7A4F7556}") = "I3lab.Users.UnitTests", "src\User\Tests\I3lab.Users.UnitTests\I3lab.Users.UnitTests.csproj", "{2AE57DE0-A786-40E3-A198-F3D063829867}"
EndProject
Project("{9A19103F-16F7-4668-BE54-9A1E7A4F7556}") = "I3lab.Users.IntegrationTests", "src\User\Tests\I3lab.Users.IntegrationTests\I3lab.Users.IntegrationTests.csproj", "{7B149F88-9F9E-4423-9DA7-CBE76B9AFC27}"
EndProject
Project("{2150E333-8FDC-42A3-9474-1A3956D46DE8}") = "Tests", "Tests", "{8A1C189E-3C5C-4C5F-BC92-3B71216E7E95}"
EndProject
Project("{9A19103F-16F7-4668-BE54-9A1E7A4F7556}") = "I3Lab.Doctor.UnitTests", "src\Modules\Doctor\Tests\I3Lab.Doctor.UnitTests\I3Lab.Doctor.UnitTests.csproj", "{4C39B954-211E-40C8-A7FF-AC69DC8303EF}"
EndProject
Project("{2150E333-8FDC-42A3-9474-1A3956D46DE8}") = "Telegram", "Telegram", "{50E70B20-AEEB-4C9C-8D00-216B855ABB76}"
EndProject
Project("{2150E333-8FDC-42A3-9474-1A3956D46DE8}") = "Email", "Email", "{F9206D4C-A6DF-4402-9DF4-5D9B35B5A28D}"
EndProject
Project("{2150E333-8FDC-42A3-9474-1A3956D46DE8}") = "BlobFiles", "BlobFiles", "{C417C70E-0972-42E4-A3DA-4A35F3E4D39C}"
EndProject
Project("{9A19103F-16F7-4668-BE54-9A1E7A4F7556}") = "I3Lab.Modules.BlobFailes.Application", "src\Modules\BlobFiles\I3Lab.Modules.BlobFailes.Application\I3Lab.Modules.BlobFailes.Application.csproj", "{5B825B8D-33AD-4B0A-9958-FE3E1078EE40}"
EndProject
Project("{9A19103F-16F7-4668-BE54-9A1E7A4F7556}") = "I3Lab.Modules.BlobFailes.Infrastructure", "src\Modules\BlobFiles\I3Lab.Modules.BlobFailes.Infrastructure\I3Lab.Modules.BlobFailes.Infrastructure.csproj", "{F7E7FCB7-FA65-4326-8758-B53FC8A23DE8}"
	ProjectSection(ProjectDependencies) = postProject
		{5B825B8D-33AD-4B0A-9958-FE3E1078EE40} = {5B825B8D-33AD-4B0A-9958-FE3E1078EE40}
	EndProjectSection
EndProject
Project("{9A19103F-16F7-4668-BE54-9A1E7A4F7556}") = "I3Lab.Modules.BlobFailes.Domain", "src\Modules\BlobFiles\I3Lab.Modules.BlobFailes.Domain\I3Lab.Modules.BlobFailes.Domain.csproj", "{F746B7DC-128B-4BF4-A9C6-29FF48177595}"
EndProject
Project("{9A19103F-16F7-4668-BE54-9A1E7A4F7556}") = "I3Lab.Modules.BlobFailes.IntegrationEvents", "src\Modules\BlobFiles\I3Lab.Modules.BlobFailes.IntegrationEvents\I3Lab.Modules.BlobFailes.IntegrationEvents.csproj", "{A99C035D-8673-4E5F-9EF6-41FD9AEC233C}"
EndProject
Project("{9A19103F-16F7-4668-BE54-9A1E7A4F7556}") = "I3Lab.Modules.BlobFailes.Api", "src\Modules\BlobFiles\I3Lab.Modules.BlobFailes.Api\I3Lab.Modules.BlobFailes.Api.csproj", "{4F4CFE11-8156-4763-B6EA-459979397A03}"
EndProject
Project("{2150E333-8FDC-42A3-9474-1A3956D46DE8}") = "Push", "Push", "{C434260F-DEF8-4978-802E-9442A75384C7}"
EndProject
Project("{2150E333-8FDC-42A3-9474-1A3956D46DE8}") = "Tests", "Tests", "{F74B9EB4-3AD9-438D-BD69-1B3E702016B1}"
EndProject
Project("{9A19103F-16F7-4668-BE54-9A1E7A4F7556}") = "I3Lab.Clinics.UnitTests", "src\Modules\Clinic\Tests\I3Lab.Clinics.UnitTests\I3Lab.Clinics.UnitTests.csproj", "{45A1A325-8A1A-436C-BD25-C7E420C6FBA7}"
EndProject
Project("{9A19103F-16F7-4668-BE54-9A1E7A4F7556}") = "I3Lab.Clinics.Domain.UnitTests", "src\Modules\Clinic\Tests\I3Lab.Clinics.Domain.UnitTests\I3Lab.Clinics.Domain.UnitTests.csproj", "{20E3A285-D765-4C15-8070-F03399B41D64}"
EndProject
Project("{9A19103F-16F7-4668-BE54-9A1E7A4F7556}") = "I3Lab.Treatments.Domain.UnitTests", "src\Modules\Work\Tests\I3Lab.Treatments.Domain.UnitTests\I3Lab.Treatments.Domain.UnitTests.csproj", "{3A2F5289-FD78-4DE6-95CF-878515534A68}"
EndProject
Project("{9A19103F-16F7-4668-BE54-9A1E7A4F7556}") = "I3lab.Treatments.IntegrationTests", "src\Modules\Work\Tests\I3lab.Works.IntegrationTests\I3lab.Treatments.IntegrationTests.csproj", "{F619179D-7F69-402B-832B-5C77FA7EFBDD}"
EndProject
Global
	GlobalSection(SolutionConfigurationPlatforms) = preSolution
		Debug|Any CPU = Debug|Any CPU
		Release|Any CPU = Release|Any CPU
	EndGlobalSection
	GlobalSection(ProjectConfigurationPlatforms) = postSolution
		{C32CF74C-E6D6-45AB-AFAC-27D92BCB2462}.Debug|Any CPU.ActiveCfg = Debug|Any CPU
		{C32CF74C-E6D6-45AB-AFAC-27D92BCB2462}.Debug|Any CPU.Build.0 = Debug|Any CPU
		{C32CF74C-E6D6-45AB-AFAC-27D92BCB2462}.Release|Any CPU.ActiveCfg = Release|Any CPU
		{C32CF74C-E6D6-45AB-AFAC-27D92BCB2462}.Release|Any CPU.Build.0 = Release|Any CPU
		{90909718-3854-4591-8BC0-D676B5C148D3}.Debug|Any CPU.ActiveCfg = Debug|Any CPU
		{90909718-3854-4591-8BC0-D676B5C148D3}.Debug|Any CPU.Build.0 = Debug|Any CPU
		{90909718-3854-4591-8BC0-D676B5C148D3}.Release|Any CPU.ActiveCfg = Release|Any CPU
		{90909718-3854-4591-8BC0-D676B5C148D3}.Release|Any CPU.Build.0 = Release|Any CPU
		{A26BB184-5F06-40D3-908E-FDB8F501D420}.Debug|Any CPU.ActiveCfg = Debug|Any CPU
		{A26BB184-5F06-40D3-908E-FDB8F501D420}.Debug|Any CPU.Build.0 = Debug|Any CPU
		{A26BB184-5F06-40D3-908E-FDB8F501D420}.Release|Any CPU.ActiveCfg = Release|Any CPU
		{A26BB184-5F06-40D3-908E-FDB8F501D420}.Release|Any CPU.Build.0 = Release|Any CPU
		{83E9475B-C79B-49DE-A3D6-CD51FB333F38}.Debug|Any CPU.ActiveCfg = Debug|Any CPU
		{83E9475B-C79B-49DE-A3D6-CD51FB333F38}.Debug|Any CPU.Build.0 = Debug|Any CPU
		{83E9475B-C79B-49DE-A3D6-CD51FB333F38}.Release|Any CPU.ActiveCfg = Release|Any CPU
		{83E9475B-C79B-49DE-A3D6-CD51FB333F38}.Release|Any CPU.Build.0 = Release|Any CPU
		{1E8185E6-CD85-4850-A25A-94238456BE69}.Debug|Any CPU.ActiveCfg = Debug|Any CPU
		{1E8185E6-CD85-4850-A25A-94238456BE69}.Debug|Any CPU.Build.0 = Debug|Any CPU
		{1E8185E6-CD85-4850-A25A-94238456BE69}.Release|Any CPU.ActiveCfg = Release|Any CPU
		{1E8185E6-CD85-4850-A25A-94238456BE69}.Release|Any CPU.Build.0 = Release|Any CPU
		{A2D08E4C-9DD8-4EA3-94CC-B91F94F8EECA}.Debug|Any CPU.ActiveCfg = Debug|Any CPU
		{A2D08E4C-9DD8-4EA3-94CC-B91F94F8EECA}.Debug|Any CPU.Build.0 = Debug|Any CPU
		{A2D08E4C-9DD8-4EA3-94CC-B91F94F8EECA}.Release|Any CPU.ActiveCfg = Release|Any CPU
		{A2D08E4C-9DD8-4EA3-94CC-B91F94F8EECA}.Release|Any CPU.Build.0 = Release|Any CPU
		{9F792FE3-84B2-415A-9778-AF9D3C0CD2E5}.Debug|Any CPU.ActiveCfg = Debug|Any CPU
		{9F792FE3-84B2-415A-9778-AF9D3C0CD2E5}.Debug|Any CPU.Build.0 = Debug|Any CPU
		{9F792FE3-84B2-415A-9778-AF9D3C0CD2E5}.Release|Any CPU.ActiveCfg = Release|Any CPU
		{9F792FE3-84B2-415A-9778-AF9D3C0CD2E5}.Release|Any CPU.Build.0 = Release|Any CPU
		{B347D98B-2526-4D1B-A7E3-62E316F12FE3}.Debug|Any CPU.ActiveCfg = Debug|Any CPU
		{B347D98B-2526-4D1B-A7E3-62E316F12FE3}.Debug|Any CPU.Build.0 = Debug|Any CPU
		{B347D98B-2526-4D1B-A7E3-62E316F12FE3}.Release|Any CPU.ActiveCfg = Release|Any CPU
		{B347D98B-2526-4D1B-A7E3-62E316F12FE3}.Release|Any CPU.Build.0 = Release|Any CPU
		{1785C62B-1A5F-42EB-8C33-4DECD65ED917}.Debug|Any CPU.ActiveCfg = Debug|Any CPU
		{1785C62B-1A5F-42EB-8C33-4DECD65ED917}.Debug|Any CPU.Build.0 = Debug|Any CPU
		{1785C62B-1A5F-42EB-8C33-4DECD65ED917}.Release|Any CPU.ActiveCfg = Release|Any CPU
		{1785C62B-1A5F-42EB-8C33-4DECD65ED917}.Release|Any CPU.Build.0 = Release|Any CPU
		{1642357A-11E9-4CB7-9882-A38D27A42F82}.Debug|Any CPU.ActiveCfg = Debug|Any CPU
		{1642357A-11E9-4CB7-9882-A38D27A42F82}.Debug|Any CPU.Build.0 = Debug|Any CPU
		{1642357A-11E9-4CB7-9882-A38D27A42F82}.Release|Any CPU.ActiveCfg = Release|Any CPU
		{1642357A-11E9-4CB7-9882-A38D27A42F82}.Release|Any CPU.Build.0 = Release|Any CPU
		{F6F9F06B-5014-4A53-AD5A-EC4F83AD1455}.Debug|Any CPU.ActiveCfg = Debug|Any CPU
		{F6F9F06B-5014-4A53-AD5A-EC4F83AD1455}.Debug|Any CPU.Build.0 = Debug|Any CPU
		{F6F9F06B-5014-4A53-AD5A-EC4F83AD1455}.Release|Any CPU.ActiveCfg = Release|Any CPU
		{F6F9F06B-5014-4A53-AD5A-EC4F83AD1455}.Release|Any CPU.Build.0 = Release|Any CPU
		{C0BBFBE6-90F5-4805-B617-3C6CE1194868}.Debug|Any CPU.ActiveCfg = Debug|Any CPU
		{C0BBFBE6-90F5-4805-B617-3C6CE1194868}.Debug|Any CPU.Build.0 = Debug|Any CPU
		{C0BBFBE6-90F5-4805-B617-3C6CE1194868}.Release|Any CPU.ActiveCfg = Release|Any CPU
		{C0BBFBE6-90F5-4805-B617-3C6CE1194868}.Release|Any CPU.Build.0 = Release|Any CPU
		{F10F4048-D56A-472F-97C5-0E9463B3F8F2}.Debug|Any CPU.ActiveCfg = Debug|Any CPU
		{F10F4048-D56A-472F-97C5-0E9463B3F8F2}.Debug|Any CPU.Build.0 = Debug|Any CPU
		{F10F4048-D56A-472F-97C5-0E9463B3F8F2}.Release|Any CPU.ActiveCfg = Release|Any CPU
		{F10F4048-D56A-472F-97C5-0E9463B3F8F2}.Release|Any CPU.Build.0 = Release|Any CPU
		{AA663B8C-FCF5-4D0C-B887-244C5BA78D7B}.Debug|Any CPU.ActiveCfg = Debug|Any CPU
		{AA663B8C-FCF5-4D0C-B887-244C5BA78D7B}.Debug|Any CPU.Build.0 = Debug|Any CPU
		{AA663B8C-FCF5-4D0C-B887-244C5BA78D7B}.Release|Any CPU.ActiveCfg = Release|Any CPU
		{AA663B8C-FCF5-4D0C-B887-244C5BA78D7B}.Release|Any CPU.Build.0 = Release|Any CPU
		{443A03BD-477D-423E-9EE3-70E4FF4D2E82}.Debug|Any CPU.ActiveCfg = Debug|Any CPU
		{443A03BD-477D-423E-9EE3-70E4FF4D2E82}.Debug|Any CPU.Build.0 = Debug|Any CPU
		{443A03BD-477D-423E-9EE3-70E4FF4D2E82}.Release|Any CPU.ActiveCfg = Release|Any CPU
		{443A03BD-477D-423E-9EE3-70E4FF4D2E82}.Release|Any CPU.Build.0 = Release|Any CPU
		{900D7307-1E8D-489D-BC9F-F4E0A1129FCF}.Debug|Any CPU.ActiveCfg = Debug|Any CPU
		{900D7307-1E8D-489D-BC9F-F4E0A1129FCF}.Debug|Any CPU.Build.0 = Debug|Any CPU
		{900D7307-1E8D-489D-BC9F-F4E0A1129FCF}.Release|Any CPU.ActiveCfg = Release|Any CPU
		{900D7307-1E8D-489D-BC9F-F4E0A1129FCF}.Release|Any CPU.Build.0 = Release|Any CPU
		{F05B973D-E7F8-4442-8420-9D3CDFAEA54B}.Debug|Any CPU.ActiveCfg = Debug|Any CPU
		{F05B973D-E7F8-4442-8420-9D3CDFAEA54B}.Debug|Any CPU.Build.0 = Debug|Any CPU
		{F05B973D-E7F8-4442-8420-9D3CDFAEA54B}.Release|Any CPU.ActiveCfg = Release|Any CPU
		{F05B973D-E7F8-4442-8420-9D3CDFAEA54B}.Release|Any CPU.Build.0 = Release|Any CPU
		{F48459BC-CEB7-430B-83EF-EDEDAB842BB5}.Debug|Any CPU.ActiveCfg = Debug|Any CPU
		{F48459BC-CEB7-430B-83EF-EDEDAB842BB5}.Debug|Any CPU.Build.0 = Debug|Any CPU
		{F48459BC-CEB7-430B-83EF-EDEDAB842BB5}.Release|Any CPU.ActiveCfg = Release|Any CPU
		{F48459BC-CEB7-430B-83EF-EDEDAB842BB5}.Release|Any CPU.Build.0 = Release|Any CPU
		{0F8ECF27-1D96-4CF1-8998-79A1565B9102}.Debug|Any CPU.ActiveCfg = Debug|Any CPU
		{0F8ECF27-1D96-4CF1-8998-79A1565B9102}.Debug|Any CPU.Build.0 = Debug|Any CPU
		{0F8ECF27-1D96-4CF1-8998-79A1565B9102}.Release|Any CPU.ActiveCfg = Release|Any CPU
		{0F8ECF27-1D96-4CF1-8998-79A1565B9102}.Release|Any CPU.Build.0 = Release|Any CPU
		{A6AEA7E7-84CF-4948-B317-BC3422E43807}.Debug|Any CPU.ActiveCfg = Debug|Any CPU
		{A6AEA7E7-84CF-4948-B317-BC3422E43807}.Debug|Any CPU.Build.0 = Debug|Any CPU
		{A6AEA7E7-84CF-4948-B317-BC3422E43807}.Release|Any CPU.ActiveCfg = Release|Any CPU
		{A6AEA7E7-84CF-4948-B317-BC3422E43807}.Release|Any CPU.Build.0 = Release|Any CPU
		{F167969F-914A-4002-88F6-24A3D8EADF38}.Debug|Any CPU.ActiveCfg = Debug|Any CPU
		{F167969F-914A-4002-88F6-24A3D8EADF38}.Debug|Any CPU.Build.0 = Debug|Any CPU
		{F167969F-914A-4002-88F6-24A3D8EADF38}.Release|Any CPU.ActiveCfg = Release|Any CPU
		{F167969F-914A-4002-88F6-24A3D8EADF38}.Release|Any CPU.Build.0 = Release|Any CPU
		{EFDE9CEC-A80E-4D67-8F16-D89B234F9EF2}.Debug|Any CPU.ActiveCfg = Debug|Any CPU
		{EFDE9CEC-A80E-4D67-8F16-D89B234F9EF2}.Debug|Any CPU.Build.0 = Debug|Any CPU
		{EFDE9CEC-A80E-4D67-8F16-D89B234F9EF2}.Release|Any CPU.ActiveCfg = Release|Any CPU
		{EFDE9CEC-A80E-4D67-8F16-D89B234F9EF2}.Release|Any CPU.Build.0 = Release|Any CPU
		{FDA840C1-35BC-4550-8E44-37B1E4D3006E}.Debug|Any CPU.ActiveCfg = Debug|Any CPU
		{FDA840C1-35BC-4550-8E44-37B1E4D3006E}.Debug|Any CPU.Build.0 = Debug|Any CPU
		{FDA840C1-35BC-4550-8E44-37B1E4D3006E}.Release|Any CPU.ActiveCfg = Release|Any CPU
		{FDA840C1-35BC-4550-8E44-37B1E4D3006E}.Release|Any CPU.Build.0 = Release|Any CPU
		{3504DB94-30FE-4B0A-8BC4-F5CC92FC6815}.Debug|Any CPU.ActiveCfg = Debug|Any CPU
		{3504DB94-30FE-4B0A-8BC4-F5CC92FC6815}.Debug|Any CPU.Build.0 = Debug|Any CPU
		{3504DB94-30FE-4B0A-8BC4-F5CC92FC6815}.Release|Any CPU.ActiveCfg = Release|Any CPU
		{3504DB94-30FE-4B0A-8BC4-F5CC92FC6815}.Release|Any CPU.Build.0 = Release|Any CPU
		{B0B9B46E-5A9C-4B5D-8A7D-E6864E080A72}.Debug|Any CPU.ActiveCfg = Debug|Any CPU
		{B0B9B46E-5A9C-4B5D-8A7D-E6864E080A72}.Debug|Any CPU.Build.0 = Debug|Any CPU
		{B0B9B46E-5A9C-4B5D-8A7D-E6864E080A72}.Release|Any CPU.ActiveCfg = Release|Any CPU
		{B0B9B46E-5A9C-4B5D-8A7D-E6864E080A72}.Release|Any CPU.Build.0 = Release|Any CPU
		{CC2A7A69-AD56-447C-BDDB-497BA2F4ED55}.Debug|Any CPU.ActiveCfg = Debug|Any CPU
		{CC2A7A69-AD56-447C-BDDB-497BA2F4ED55}.Debug|Any CPU.Build.0 = Debug|Any CPU
		{CC2A7A69-AD56-447C-BDDB-497BA2F4ED55}.Release|Any CPU.ActiveCfg = Release|Any CPU
		{CC2A7A69-AD56-447C-BDDB-497BA2F4ED55}.Release|Any CPU.Build.0 = Release|Any CPU
		{C6C5552C-B4B6-46A0-B2A5-C5EB538FB283}.Debug|Any CPU.ActiveCfg = Debug|Any CPU
		{C6C5552C-B4B6-46A0-B2A5-C5EB538FB283}.Debug|Any CPU.Build.0 = Debug|Any CPU
		{C6C5552C-B4B6-46A0-B2A5-C5EB538FB283}.Release|Any CPU.ActiveCfg = Release|Any CPU
		{C6C5552C-B4B6-46A0-B2A5-C5EB538FB283}.Release|Any CPU.Build.0 = Release|Any CPU
		{DEC111C8-9A0B-4DC7-8B53-722225CF972F}.Debug|Any CPU.ActiveCfg = Debug|Any CPU
		{DEC111C8-9A0B-4DC7-8B53-722225CF972F}.Debug|Any CPU.Build.0 = Debug|Any CPU
		{DEC111C8-9A0B-4DC7-8B53-722225CF972F}.Release|Any CPU.ActiveCfg = Release|Any CPU
		{DEC111C8-9A0B-4DC7-8B53-722225CF972F}.Release|Any CPU.Build.0 = Release|Any CPU
		{0C6F7D83-35D4-423A-A5B0-24959D791875}.Debug|Any CPU.ActiveCfg = Debug|Any CPU
		{0C6F7D83-35D4-423A-A5B0-24959D791875}.Debug|Any CPU.Build.0 = Debug|Any CPU
		{0C6F7D83-35D4-423A-A5B0-24959D791875}.Release|Any CPU.ActiveCfg = Release|Any CPU
		{0C6F7D83-35D4-423A-A5B0-24959D791875}.Release|Any CPU.Build.0 = Release|Any CPU
		{454B78DC-90A6-4622-B2ED-0BE6CE980B5F}.Debug|Any CPU.ActiveCfg = Debug|Any CPU
		{454B78DC-90A6-4622-B2ED-0BE6CE980B5F}.Debug|Any CPU.Build.0 = Debug|Any CPU
		{454B78DC-90A6-4622-B2ED-0BE6CE980B5F}.Release|Any CPU.ActiveCfg = Release|Any CPU
		{454B78DC-90A6-4622-B2ED-0BE6CE980B5F}.Release|Any CPU.Build.0 = Release|Any CPU
		{494EFA6D-BE04-4919-85D7-E77B33D7983C}.Debug|Any CPU.ActiveCfg = Debug|Any CPU
		{494EFA6D-BE04-4919-85D7-E77B33D7983C}.Debug|Any CPU.Build.0 = Debug|Any CPU
		{494EFA6D-BE04-4919-85D7-E77B33D7983C}.Release|Any CPU.ActiveCfg = Release|Any CPU
		{494EFA6D-BE04-4919-85D7-E77B33D7983C}.Release|Any CPU.Build.0 = Release|Any CPU
		{ADD3D287-F6E0-4816-B1D7-8D1C3AF9665E}.Debug|Any CPU.ActiveCfg = Debug|Any CPU
		{ADD3D287-F6E0-4816-B1D7-8D1C3AF9665E}.Debug|Any CPU.Build.0 = Debug|Any CPU
		{ADD3D287-F6E0-4816-B1D7-8D1C3AF9665E}.Release|Any CPU.ActiveCfg = Release|Any CPU
		{ADD3D287-F6E0-4816-B1D7-8D1C3AF9665E}.Release|Any CPU.Build.0 = Release|Any CPU
		{65E2B62A-FCE6-41DD-A566-627B78601635}.Debug|Any CPU.ActiveCfg = Debug|Any CPU
		{65E2B62A-FCE6-41DD-A566-627B78601635}.Debug|Any CPU.Build.0 = Debug|Any CPU
		{65E2B62A-FCE6-41DD-A566-627B78601635}.Release|Any CPU.ActiveCfg = Release|Any CPU
		{65E2B62A-FCE6-41DD-A566-627B78601635}.Release|Any CPU.Build.0 = Release|Any CPU
		{8415E655-D224-4BC1-A6F5-6D0004F4CAAD}.Debug|Any CPU.ActiveCfg = Debug|Any CPU
		{8415E655-D224-4BC1-A6F5-6D0004F4CAAD}.Debug|Any CPU.Build.0 = Debug|Any CPU
		{8415E655-D224-4BC1-A6F5-6D0004F4CAAD}.Release|Any CPU.ActiveCfg = Release|Any CPU
		{8415E655-D224-4BC1-A6F5-6D0004F4CAAD}.Release|Any CPU.Build.0 = Release|Any CPU
		{F02EDEAA-03D9-41D0-B160-56119AB49FC5}.Debug|Any CPU.ActiveCfg = Debug|Any CPU
		{F02EDEAA-03D9-41D0-B160-56119AB49FC5}.Debug|Any CPU.Build.0 = Debug|Any CPU
		{F02EDEAA-03D9-41D0-B160-56119AB49FC5}.Release|Any CPU.ActiveCfg = Release|Any CPU
		{F02EDEAA-03D9-41D0-B160-56119AB49FC5}.Release|Any CPU.Build.0 = Release|Any CPU
		{425D4D5B-5549-40FE-8F4A-C0D831E93052}.Debug|Any CPU.ActiveCfg = Debug|Any CPU
		{425D4D5B-5549-40FE-8F4A-C0D831E93052}.Debug|Any CPU.Build.0 = Debug|Any CPU
		{425D4D5B-5549-40FE-8F4A-C0D831E93052}.Release|Any CPU.ActiveCfg = Release|Any CPU
		{425D4D5B-5549-40FE-8F4A-C0D831E93052}.Release|Any CPU.Build.0 = Release|Any CPU
		{09B314E4-FC11-477C-88B8-D2B0DAEE6F09}.Debug|Any CPU.ActiveCfg = Debug|Any CPU
		{09B314E4-FC11-477C-88B8-D2B0DAEE6F09}.Debug|Any CPU.Build.0 = Debug|Any CPU
		{09B314E4-FC11-477C-88B8-D2B0DAEE6F09}.Release|Any CPU.ActiveCfg = Release|Any CPU
		{09B314E4-FC11-477C-88B8-D2B0DAEE6F09}.Release|Any CPU.Build.0 = Release|Any CPU
		{2AE57DE0-A786-40E3-A198-F3D063829867}.Debug|Any CPU.ActiveCfg = Debug|Any CPU
		{2AE57DE0-A786-40E3-A198-F3D063829867}.Debug|Any CPU.Build.0 = Debug|Any CPU
		{2AE57DE0-A786-40E3-A198-F3D063829867}.Release|Any CPU.ActiveCfg = Release|Any CPU
		{2AE57DE0-A786-40E3-A198-F3D063829867}.Release|Any CPU.Build.0 = Release|Any CPU
		{7B149F88-9F9E-4423-9DA7-CBE76B9AFC27}.Debug|Any CPU.ActiveCfg = Debug|Any CPU
		{7B149F88-9F9E-4423-9DA7-CBE76B9AFC27}.Debug|Any CPU.Build.0 = Debug|Any CPU
		{7B149F88-9F9E-4423-9DA7-CBE76B9AFC27}.Release|Any CPU.ActiveCfg = Release|Any CPU
		{7B149F88-9F9E-4423-9DA7-CBE76B9AFC27}.Release|Any CPU.Build.0 = Release|Any CPU
		{4C39B954-211E-40C8-A7FF-AC69DC8303EF}.Debug|Any CPU.ActiveCfg = Debug|Any CPU
		{4C39B954-211E-40C8-A7FF-AC69DC8303EF}.Debug|Any CPU.Build.0 = Debug|Any CPU
		{4C39B954-211E-40C8-A7FF-AC69DC8303EF}.Release|Any CPU.ActiveCfg = Release|Any CPU
		{4C39B954-211E-40C8-A7FF-AC69DC8303EF}.Release|Any CPU.Build.0 = Release|Any CPU
		{5B825B8D-33AD-4B0A-9958-FE3E1078EE40}.Debug|Any CPU.ActiveCfg = Debug|Any CPU
		{5B825B8D-33AD-4B0A-9958-FE3E1078EE40}.Debug|Any CPU.Build.0 = Debug|Any CPU
		{5B825B8D-33AD-4B0A-9958-FE3E1078EE40}.Release|Any CPU.ActiveCfg = Release|Any CPU
		{5B825B8D-33AD-4B0A-9958-FE3E1078EE40}.Release|Any CPU.Build.0 = Release|Any CPU
		{F7E7FCB7-FA65-4326-8758-B53FC8A23DE8}.Debug|Any CPU.ActiveCfg = Debug|Any CPU
		{F7E7FCB7-FA65-4326-8758-B53FC8A23DE8}.Debug|Any CPU.Build.0 = Debug|Any CPU
		{F7E7FCB7-FA65-4326-8758-B53FC8A23DE8}.Release|Any CPU.ActiveCfg = Release|Any CPU
		{F7E7FCB7-FA65-4326-8758-B53FC8A23DE8}.Release|Any CPU.Build.0 = Release|Any CPU
		{F746B7DC-128B-4BF4-A9C6-29FF48177595}.Debug|Any CPU.ActiveCfg = Debug|Any CPU
		{F746B7DC-128B-4BF4-A9C6-29FF48177595}.Debug|Any CPU.Build.0 = Debug|Any CPU
		{F746B7DC-128B-4BF4-A9C6-29FF48177595}.Release|Any CPU.ActiveCfg = Release|Any CPU
		{F746B7DC-128B-4BF4-A9C6-29FF48177595}.Release|Any CPU.Build.0 = Release|Any CPU
		{A99C035D-8673-4E5F-9EF6-41FD9AEC233C}.Debug|Any CPU.ActiveCfg = Debug|Any CPU
		{A99C035D-8673-4E5F-9EF6-41FD9AEC233C}.Debug|Any CPU.Build.0 = Debug|Any CPU
		{A99C035D-8673-4E5F-9EF6-41FD9AEC233C}.Release|Any CPU.ActiveCfg = Release|Any CPU
		{A99C035D-8673-4E5F-9EF6-41FD9AEC233C}.Release|Any CPU.Build.0 = Release|Any CPU
		{4F4CFE11-8156-4763-B6EA-459979397A03}.Debug|Any CPU.ActiveCfg = Debug|Any CPU
		{4F4CFE11-8156-4763-B6EA-459979397A03}.Debug|Any CPU.Build.0 = Debug|Any CPU
		{4F4CFE11-8156-4763-B6EA-459979397A03}.Release|Any CPU.ActiveCfg = Release|Any CPU
		{4F4CFE11-8156-4763-B6EA-459979397A03}.Release|Any CPU.Build.0 = Release|Any CPU
		{45A1A325-8A1A-436C-BD25-C7E420C6FBA7}.Debug|Any CPU.ActiveCfg = Debug|Any CPU
		{45A1A325-8A1A-436C-BD25-C7E420C6FBA7}.Debug|Any CPU.Build.0 = Debug|Any CPU
		{45A1A325-8A1A-436C-BD25-C7E420C6FBA7}.Release|Any CPU.ActiveCfg = Release|Any CPU
		{45A1A325-8A1A-436C-BD25-C7E420C6FBA7}.Release|Any CPU.Build.0 = Release|Any CPU
		{20E3A285-D765-4C15-8070-F03399B41D64}.Debug|Any CPU.ActiveCfg = Debug|Any CPU
		{20E3A285-D765-4C15-8070-F03399B41D64}.Debug|Any CPU.Build.0 = Debug|Any CPU
		{20E3A285-D765-4C15-8070-F03399B41D64}.Release|Any CPU.ActiveCfg = Release|Any CPU
		{20E3A285-D765-4C15-8070-F03399B41D64}.Release|Any CPU.Build.0 = Release|Any CPU
		{3A2F5289-FD78-4DE6-95CF-878515534A68}.Debug|Any CPU.ActiveCfg = Debug|Any CPU
		{3A2F5289-FD78-4DE6-95CF-878515534A68}.Debug|Any CPU.Build.0 = Debug|Any CPU
		{3A2F5289-FD78-4DE6-95CF-878515534A68}.Release|Any CPU.ActiveCfg = Release|Any CPU
		{3A2F5289-FD78-4DE6-95CF-878515534A68}.Release|Any CPU.Build.0 = Release|Any CPU
		{F619179D-7F69-402B-832B-5C77FA7EFBDD}.Debug|Any CPU.ActiveCfg = Debug|Any CPU
		{F619179D-7F69-402B-832B-5C77FA7EFBDD}.Debug|Any CPU.Build.0 = Debug|Any CPU
		{F619179D-7F69-402B-832B-5C77FA7EFBDD}.Release|Any CPU.ActiveCfg = Release|Any CPU
		{F619179D-7F69-402B-832B-5C77FA7EFBDD}.Release|Any CPU.Build.0 = Release|Any CPU
	EndGlobalSection
	GlobalSection(SolutionProperties) = preSolution
		HideSolutionNode = FALSE
	EndGlobalSection
	GlobalSection(NestedProjects) = preSolution
		{A3B97523-855E-414C-8507-86853D047B6C} = {6F342A2E-FA11-458A-8493-6F4B5F7075DA}
		{C32CF74C-E6D6-45AB-AFAC-27D92BCB2462} = {A3B97523-855E-414C-8507-86853D047B6C}
		{FF068670-C5A7-41B5-BD4C-FFDC9A8C1FF9} = {6F342A2E-FA11-458A-8493-6F4B5F7075DA}
		{0C0A4377-DB8C-458C-932F-171B01FAA904} = {FF068670-C5A7-41B5-BD4C-FFDC9A8C1FF9}
		{90909718-3854-4591-8BC0-D676B5C148D3} = {0C0A4377-DB8C-458C-932F-171B01FAA904}
		{A26BB184-5F06-40D3-908E-FDB8F501D420} = {0C0A4377-DB8C-458C-932F-171B01FAA904}
		{83E9475B-C79B-49DE-A3D6-CD51FB333F38} = {0C0A4377-DB8C-458C-932F-171B01FAA904}
		{1E8185E6-CD85-4850-A25A-94238456BE69} = {0C0A4377-DB8C-458C-932F-171B01FAA904}
		{A2D08E4C-9DD8-4EA3-94CC-B91F94F8EECA} = {0C0A4377-DB8C-458C-932F-171B01FAA904}
		{8A72FED2-4D91-49AF-812D-281D60D9C360} = {FF068670-C5A7-41B5-BD4C-FFDC9A8C1FF9}
		{9F792FE3-84B2-415A-9778-AF9D3C0CD2E5} = {8A72FED2-4D91-49AF-812D-281D60D9C360}
		{B347D98B-2526-4D1B-A7E3-62E316F12FE3} = {8A72FED2-4D91-49AF-812D-281D60D9C360}
		{1785C62B-1A5F-42EB-8C33-4DECD65ED917} = {8A72FED2-4D91-49AF-812D-281D60D9C360}
		{1642357A-11E9-4CB7-9882-A38D27A42F82} = {8A72FED2-4D91-49AF-812D-281D60D9C360}
		{D808CB4A-678A-4A1E-B718-B61608F3EF7C} = {FF068670-C5A7-41B5-BD4C-FFDC9A8C1FF9}
		{F6F9F06B-5014-4A53-AD5A-EC4F83AD1455} = {D808CB4A-678A-4A1E-B718-B61608F3EF7C}
		{C0BBFBE6-90F5-4805-B617-3C6CE1194868} = {D808CB4A-678A-4A1E-B718-B61608F3EF7C}
		{F10F4048-D56A-472F-97C5-0E9463B3F8F2} = {D808CB4A-678A-4A1E-B718-B61608F3EF7C}
		{AA663B8C-FCF5-4D0C-B887-244C5BA78D7B} = {D808CB4A-678A-4A1E-B718-B61608F3EF7C}
		{7434BD59-E912-456A-84DD-9BAD00C04676} = {6F342A2E-FA11-458A-8493-6F4B5F7075DA}
		{443A03BD-477D-423E-9EE3-70E4FF4D2E82} = {7434BD59-E912-456A-84DD-9BAD00C04676}
		{900D7307-1E8D-489D-BC9F-F4E0A1129FCF} = {7434BD59-E912-456A-84DD-9BAD00C04676}
		{F05B973D-E7F8-4442-8420-9D3CDFAEA54B} = {7434BD59-E912-456A-84DD-9BAD00C04676}
		{66E2C9DE-1BBD-4D0B-B180-617D1BF11FAE} = {FF068670-C5A7-41B5-BD4C-FFDC9A8C1FF9}
		{F48459BC-CEB7-430B-83EF-EDEDAB842BB5} = {66E2C9DE-1BBD-4D0B-B180-617D1BF11FAE}
		{0F8ECF27-1D96-4CF1-8998-79A1565B9102} = {66E2C9DE-1BBD-4D0B-B180-617D1BF11FAE}
		{A6AEA7E7-84CF-4948-B317-BC3422E43807} = {66E2C9DE-1BBD-4D0B-B180-617D1BF11FAE}
		{F167969F-914A-4002-88F6-24A3D8EADF38} = {66E2C9DE-1BBD-4D0B-B180-617D1BF11FAE}
		{EFDE9CEC-A80E-4D67-8F16-D89B234F9EF2} = {66E2C9DE-1BBD-4D0B-B180-617D1BF11FAE}
		{E8FC785A-135F-42E9-BE7B-9E2AFD27CB54} = {66E2C9DE-1BBD-4D0B-B180-617D1BF11FAE}
		{44927C74-7D56-47D8-ACB7-46C89A012CE6} = {8A72FED2-4D91-49AF-812D-281D60D9C360}
		{ED2E86B1-BB79-4ACA-846A-6D9AA734ADD7} = {D808CB4A-678A-4A1E-B718-B61608F3EF7C}
		{CD76A713-83ED-46FB-8E3C-5720C1185163} = {0C0A4377-DB8C-458C-932F-171B01FAA904}
		{325393D9-C800-47CD-B9D0-1393231A7753} = {FF068670-C5A7-41B5-BD4C-FFDC9A8C1FF9}
		{FDA840C1-35BC-4550-8E44-37B1E4D3006E} = {325393D9-C800-47CD-B9D0-1393231A7753}
		{3504DB94-30FE-4B0A-8BC4-F5CC92FC6815} = {325393D9-C800-47CD-B9D0-1393231A7753}
		{B0B9B46E-5A9C-4B5D-8A7D-E6864E080A72} = {325393D9-C800-47CD-B9D0-1393231A7753}
		{CC2A7A69-AD56-447C-BDDB-497BA2F4ED55} = {325393D9-C800-47CD-B9D0-1393231A7753}
		{C6C5552C-B4B6-46A0-B2A5-C5EB538FB283} = {325393D9-C800-47CD-B9D0-1393231A7753}
		{05045CD9-2EBF-45B3-83CA-10AA99C87794} = {FF068670-C5A7-41B5-BD4C-FFDC9A8C1FF9}
		{DEC111C8-9A0B-4DC7-8B53-722225CF972F} = {05045CD9-2EBF-45B3-83CA-10AA99C87794}
		{0C6F7D83-35D4-423A-A5B0-24959D791875} = {05045CD9-2EBF-45B3-83CA-10AA99C87794}
		{454B78DC-90A6-4622-B2ED-0BE6CE980B5F} = {05045CD9-2EBF-45B3-83CA-10AA99C87794}
		{494EFA6D-BE04-4919-85D7-E77B33D7983C} = {05045CD9-2EBF-45B3-83CA-10AA99C87794}
		{196C3A2E-F181-4D5E-AA24-F1393384DB91} = {FF068670-C5A7-41B5-BD4C-FFDC9A8C1FF9}
		{ADD3D287-F6E0-4816-B1D7-8D1C3AF9665E} = {196C3A2E-F181-4D5E-AA24-F1393384DB91}
		{65E2B62A-FCE6-41DD-A566-627B78601635} = {196C3A2E-F181-4D5E-AA24-F1393384DB91}
		{8415E655-D224-4BC1-A6F5-6D0004F4CAAD} = {196C3A2E-F181-4D5E-AA24-F1393384DB91}
		{F02EDEAA-03D9-41D0-B160-56119AB49FC5} = {196C3A2E-F181-4D5E-AA24-F1393384DB91}
		{09B314E4-FC11-477C-88B8-D2B0DAEE6F09} = {CD76A713-83ED-46FB-8E3C-5720C1185163}
		{7B2B1804-2B82-4889-9754-F7BBFA59290C} = {196C3A2E-F181-4D5E-AA24-F1393384DB91}
		{2AE57DE0-A786-40E3-A198-F3D063829867} = {7B2B1804-2B82-4889-9754-F7BBFA59290C}
		{7B149F88-9F9E-4423-9DA7-CBE76B9AFC27} = {7B2B1804-2B82-4889-9754-F7BBFA59290C}
		{8A1C189E-3C5C-4C5F-BC92-3B71216E7E95} = {7434BD59-E912-456A-84DD-9BAD00C04676}
		{4C39B954-211E-40C8-A7FF-AC69DC8303EF} = {44927C74-7D56-47D8-ACB7-46C89A012CE6}
		{50E70B20-AEEB-4C9C-8D00-216B855ABB76} = {66E2C9DE-1BBD-4D0B-B180-617D1BF11FAE}
		{F9206D4C-A6DF-4402-9DF4-5D9B35B5A28D} = {66E2C9DE-1BBD-4D0B-B180-617D1BF11FAE}
		{C417C70E-0972-42E4-A3DA-4A35F3E4D39C} = {FF068670-C5A7-41B5-BD4C-FFDC9A8C1FF9}
		{5B825B8D-33AD-4B0A-9958-FE3E1078EE40} = {C417C70E-0972-42E4-A3DA-4A35F3E4D39C}
		{F7E7FCB7-FA65-4326-8758-B53FC8A23DE8} = {C417C70E-0972-42E4-A3DA-4A35F3E4D39C}
		{F746B7DC-128B-4BF4-A9C6-29FF48177595} = {C417C70E-0972-42E4-A3DA-4A35F3E4D39C}
		{A99C035D-8673-4E5F-9EF6-41FD9AEC233C} = {C417C70E-0972-42E4-A3DA-4A35F3E4D39C}
		{4F4CFE11-8156-4763-B6EA-459979397A03} = {C417C70E-0972-42E4-A3DA-4A35F3E4D39C}
		{C434260F-DEF8-4978-802E-9442A75384C7} = {66E2C9DE-1BBD-4D0B-B180-617D1BF11FAE}
		{F74B9EB4-3AD9-438D-BD69-1B3E702016B1} = {05045CD9-2EBF-45B3-83CA-10AA99C87794}
		{45A1A325-8A1A-436C-BD25-C7E420C6FBA7} = {F74B9EB4-3AD9-438D-BD69-1B3E702016B1}
		{20E3A285-D765-4C15-8070-F03399B41D64} = {F74B9EB4-3AD9-438D-BD69-1B3E702016B1}
		{3A2F5289-FD78-4DE6-95CF-878515534A68} = {CD76A713-83ED-46FB-8E3C-5720C1185163}
		{F619179D-7F69-402B-832B-5C77FA7EFBDD} = {CD76A713-83ED-46FB-8E3C-5720C1185163}
	EndGlobalSection
	GlobalSection(ExtensibilityGlobals) = postSolution
		SolutionGuid = {E875D627-79AF-42D9-94D0-FD78D037AD2C}
	EndGlobalSection
EndGlobal
